// !$*UTF8*$!
{
	archiveVersion = 1;
	classes = {
	};
	objectVersion = 55;
	objects = {

/* Begin PBXBuildFile section */
		286C77B327FDC861002DCECC /* AppDelegate.swift in Sources */ = {isa = PBXBuildFile; fileRef = 286C77B227FDC861002DCECC /* AppDelegate.swift */; };
		286C77B527FDC861002DCECC /* SceneDelegate.swift in Sources */ = {isa = PBXBuildFile; fileRef = 286C77B427FDC861002DCECC /* SceneDelegate.swift */; };
		286C77B727FDC861002DCECC /* ViewController.swift in Sources */ = {isa = PBXBuildFile; fileRef = 286C77B627FDC861002DCECC /* ViewController.swift */; };
		286C77BA27FDC861002DCECC /* Main.storyboard in Resources */ = {isa = PBXBuildFile; fileRef = 286C77B827FDC861002DCECC /* Main.storyboard */; };
		286C77BC27FDC861002DCECC /* Assets.xcassets in Resources */ = {isa = PBXBuildFile; fileRef = 286C77BB27FDC861002DCECC /* Assets.xcassets */; };
		286C77BF27FDC861002DCECC /* LaunchScreen.storyboard in Resources */ = {isa = PBXBuildFile; fileRef = 286C77BD27FDC861002DCECC /* LaunchScreen.storyboard */; };
		286C77CA27FDC862002DCECC /* AttendenceIOSTests.swift in Sources */ = {isa = PBXBuildFile; fileRef = 286C77C927FDC862002DCECC /* AttendenceIOSTests.swift */; };
		286C77D427FDC862002DCECC /* AttendenceIOSUITests.swift in Sources */ = {isa = PBXBuildFile; fileRef = 286C77D327FDC862002DCECC /* AttendenceIOSUITests.swift */; };
		286C77D627FDC862002DCECC /* AttendenceIOSUITestsLaunchTests.swift in Sources */ = {isa = PBXBuildFile; fileRef = 286C77D527FDC862002DCECC /* AttendenceIOSUITestsLaunchTests.swift */; };
		28F207D32949B275000DB72D /* FirebaseAnalyticsWithoutAdIdSupport in Frameworks */ = {isa = PBXBuildFile; productRef = 28F207D22949B275000DB72D /* FirebaseAnalyticsWithoutAdIdSupport */; };
		28F207D52949B275000DB72D /* FirebaseMessaging in Frameworks */ = {isa = PBXBuildFile; productRef = 28F207D42949B275000DB72D /* FirebaseMessaging */; };
/* End PBXBuildFile section */

/* Begin PBXContainerItemProxy section */
		286C77C627FDC862002DCECC /* PBXContainerItemProxy */ = {
			isa = PBXContainerItemProxy;
			containerPortal = 286C77A727FDC861002DCECC /* Project object */;
			proxyType = 1;
			remoteGlobalIDString = 286C77AE27FDC861002DCECC;
			remoteInfo = AttendenceIOS;
		};
		286C77D027FDC862002DCECC /* PBXContainerItemProxy */ = {
			isa = PBXContainerItemProxy;
			containerPortal = 286C77A727FDC861002DCECC /* Project object */;
			proxyType = 1;
			remoteGlobalIDString = 286C77AE27FDC861002DCECC;
			remoteInfo = AttendenceIOS;
		};
/* End PBXContainerItemProxy section */

/* Begin PBXFileReference section */
		286C77AF27FDC861002DCECC /* AttendenceIOS.app */ = {isa = PBXFileReference; explicitFileType = wrapper.application; includeInIndex = 0; path = AttendenceIOS.app; sourceTree = BUILT_PRODUCTS_DIR; };
		286C77B227FDC861002DCECC /* AppDelegate.swift */ = {isa = PBXFileReference; lastKnownFileType = sourcecode.swift; path = AppDelegate.swift; sourceTree = "<group>"; };
		286C77B427FDC861002DCECC /* SceneDelegate.swift */ = {isa = PBXFileReference; lastKnownFileType = sourcecode.swift; path = SceneDelegate.swift; sourceTree = "<group>"; };
		286C77B627FDC861002DCECC /* ViewController.swift */ = {isa = PBXFileReference; lastKnownFileType = sourcecode.swift; path = ViewController.swift; sourceTree = "<group>"; };
		286C77B927FDC861002DCECC /* Base */ = {isa = PBXFileReference; lastKnownFileType = file.storyboard; name = Base; path = Base.lproj/Main.storyboard; sourceTree = "<group>"; };
		286C77BB27FDC861002DCECC /* Assets.xcassets */ = {isa = PBXFileReference; lastKnownFileType = folder.assetcatalog; path = Assets.xcassets; sourceTree = "<group>"; };
		286C77BE27FDC861002DCECC /* Base */ = {isa = PBXFileReference; lastKnownFileType = file.storyboard; name = Base; path = Base.lproj/LaunchScreen.storyboard; sourceTree = "<group>"; };
		286C77C027FDC861002DCECC /* Info.plist */ = {isa = PBXFileReference; lastKnownFileType = text.plist.xml; path = Info.plist; sourceTree = "<group>"; };
		286C77C527FDC862002DCECC /* AttendenceIOSTests.xctest */ = {isa = PBXFileReference; explicitFileType = wrapper.cfbundle; includeInIndex = 0; path = AttendenceIOSTests.xctest; sourceTree = BUILT_PRODUCTS_DIR; };
		286C77C927FDC862002DCECC /* AttendenceIOSTests.swift */ = {isa = PBXFileReference; lastKnownFileType = sourcecode.swift; path = AttendenceIOSTests.swift; sourceTree = "<group>"; };
		286C77CF27FDC862002DCECC /* AttendenceIOSUITests.xctest */ = {isa = PBXFileReference; explicitFileType = wrapper.cfbundle; includeInIndex = 0; path = AttendenceIOSUITests.xctest; sourceTree = BUILT_PRODUCTS_DIR; };
		286C77D327FDC862002DCECC /* AttendenceIOSUITests.swift */ = {isa = PBXFileReference; lastKnownFileType = sourcecode.swift; path = AttendenceIOSUITests.swift; sourceTree = "<group>"; };
		286C77D527FDC862002DCECC /* AttendenceIOSUITestsLaunchTests.swift */ = {isa = PBXFileReference; lastKnownFileType = sourcecode.swift; path = AttendenceIOSUITestsLaunchTests.swift; sourceTree = "<group>"; };
/* End PBXFileReference section */

/* Begin PBXFrameworksBuildPhase section */
		286C77AC27FDC861002DCECC /* Frameworks */ = {
			isa = PBXFrameworksBuildPhase;
			buildActionMask = 2147483647;
			files = (
				28F207D52949B275000DB72D /* FirebaseMessaging in Frameworks */,
				28F207D32949B275000DB72D /* FirebaseAnalyticsWithoutAdIdSupport in Frameworks */,
			);
			runOnlyForDeploymentPostprocessing = 0;
		};
		286C77C227FDC862002DCECC /* Frameworks */ = {
			isa = PBXFrameworksBuildPhase;
			buildActionMask = 2147483647;
			files = (
			);
			runOnlyForDeploymentPostprocessing = 0;
		};
		286C77CC27FDC862002DCECC /* Frameworks */ = {
			isa = PBXFrameworksBuildPhase;
			buildActionMask = 2147483647;
			files = (
			);
			runOnlyForDeploymentPostprocessing = 0;
		};
/* End PBXFrameworksBuildPhase section */

/* Begin PBXGroup section */
		286C77A627FDC861002DCECC = {
			isa = PBXGroup;
			children = (
				286C77B127FDC861002DCECC /* AttendenceIOS */,
				286C77C827FDC862002DCECC /* AttendenceIOSTests */,
				286C77D227FDC862002DCECC /* AttendenceIOSUITests */,
				286C77B027FDC861002DCECC /* Products */,
			);
			sourceTree = "<group>";
		};
		286C77B027FDC861002DCECC /* Products */ = {
			isa = PBXGroup;
			children = (
				286C77AF27FDC861002DCECC /* AttendenceIOS.app */,
				286C77C527FDC862002DCECC /* AttendenceIOSTests.xctest */,
				286C77CF27FDC862002DCECC /* AttendenceIOSUITests.xctest */,
			);
			name = Products;
			sourceTree = "<group>";
		};
		286C77B127FDC861002DCECC /* AttendenceIOS */ = {
			isa = PBXGroup;
			children = (
				286C77B227FDC861002DCECC /* AppDelegate.swift */,
				286C77B427FDC861002DCECC /* SceneDelegate.swift */,
				286C77B627FDC861002DCECC /* ViewController.swift */,
				286C77B827FDC861002DCECC /* Main.storyboard */,
				286C77BB27FDC861002DCECC /* Assets.xcassets */,
				286C77BD27FDC861002DCECC /* LaunchScreen.storyboard */,
				286C77C027FDC861002DCECC /* Info.plist */,
			);
			path = AttendenceIOS;
			sourceTree = "<group>";
		};
		286C77C827FDC862002DCECC /* AttendenceIOSTests */ = {
			isa = PBXGroup;
			children = (
				286C77C927FDC862002DCECC /* AttendenceIOSTests.swift */,
			);
			path = AttendenceIOSTests;
			sourceTree = "<group>";
		};
		286C77D227FDC862002DCECC /* AttendenceIOSUITests */ = {
			isa = PBXGroup;
			children = (
				286C77D327FDC862002DCECC /* AttendenceIOSUITests.swift */,
				286C77D527FDC862002DCECC /* AttendenceIOSUITestsLaunchTests.swift */,
			);
			path = AttendenceIOSUITests;
			sourceTree = "<group>";
		};
/* End PBXGroup section */

/* Begin PBXNativeTarget section */
		286C77AE27FDC861002DCECC /* AttendenceIOS */ = {
			isa = PBXNativeTarget;
			buildConfigurationList = 286C77D927FDC862002DCECC /* Build configuration list for PBXNativeTarget "AttendenceIOS" */;
			buildPhases = (
				286C77AB27FDC861002DCECC /* Sources */,
				286C77AC27FDC861002DCECC /* Frameworks */,
				286C77AD27FDC861002DCECC /* Resources */,
			);
			buildRules = (
			);
			dependencies = (
			);
			name = AttendenceIOS;
			packageProductDependencies = (
				28F207D22949B275000DB72D /* FirebaseAnalyticsWithoutAdIdSupport */,
				28F207D42949B275000DB72D /* FirebaseMessaging */,
			);
			productName = AttendenceIOS;
			productReference = 286C77AF27FDC861002DCECC /* AttendenceIOS.app */;
			productType = "com.apple.product-type.application";
		};
		286C77C427FDC862002DCECC /* AttendenceIOSTests */ = {
			isa = PBXNativeTarget;
			buildConfigurationList = 286C77DC27FDC862002DCECC /* Build configuration list for PBXNativeTarget "AttendenceIOSTests" */;
			buildPhases = (
				286C77C127FDC862002DCECC /* Sources */,
				286C77C227FDC862002DCECC /* Frameworks */,
				286C77C327FDC862002DCECC /* Resources */,
			);
			buildRules = (
			);
			dependencies = (
				286C77C727FDC862002DCECC /* PBXTargetDependency */,
			);
			name = AttendenceIOSTests;
			productName = AttendenceIOSTests;
			productReference = 286C77C527FDC862002DCECC /* AttendenceIOSTests.xctest */;
			productType = "com.apple.product-type.bundle.unit-test";
		};
		286C77CE27FDC862002DCECC /* AttendenceIOSUITests */ = {
			isa = PBXNativeTarget;
			buildConfigurationList = 286C77DF27FDC862002DCECC /* Build configuration list for PBXNativeTarget "AttendenceIOSUITests" */;
			buildPhases = (
				286C77CB27FDC862002DCECC /* Sources */,
				286C77CC27FDC862002DCECC /* Frameworks */,
				286C77CD27FDC862002DCECC /* Resources */,
			);
			buildRules = (
			);
			dependencies = (
				286C77D127FDC862002DCECC /* PBXTargetDependency */,
			);
			name = AttendenceIOSUITests;
			productName = AttendenceIOSUITests;
			productReference = 286C77CF27FDC862002DCECC /* AttendenceIOSUITests.xctest */;
			productType = "com.apple.product-type.bundle.ui-testing";
		};
/* End PBXNativeTarget section */

/* Begin PBXProject section */
		286C77A727FDC861002DCECC /* Project object */ = {
			isa = PBXProject;
			attributes = {
				BuildIndependentTargetsInParallel = 1;
				LastSwiftUpdateCheck = 1330;
				LastUpgradeCheck = 1330;
				TargetAttributes = {
					286C77AE27FDC861002DCECC = {
						CreatedOnToolsVersion = 13.3;
					};
					286C77C427FDC862002DCECC = {
						CreatedOnToolsVersion = 13.3;
						TestTargetID = 286C77AE27FDC861002DCECC;
					};
					286C77CE27FDC862002DCECC = {
						CreatedOnToolsVersion = 13.3;
						TestTargetID = 286C77AE27FDC861002DCECC;
					};
				};
			};
			buildConfigurationList = 286C77AA27FDC861002DCECC /* Build configuration list for PBXProject "AttendenceIOS" */;
			compatibilityVersion = "Xcode 13.0";
			developmentRegion = en;
			hasScannedForEncodings = 0;
			knownRegions = (
				en,
				Base,
			);
			mainGroup = 286C77A627FDC861002DCECC;
			packageReferences = (
				28F207D12949B275000DB72D /* XCRemoteSwiftPackageReference "firebase-ios-sdk" */,
			);
			productRefGroup = 286C77B027FDC861002DCECC /* Products */;
			projectDirPath = "";
			projectRoot = "";
			targets = (
				286C77AE27FDC861002DCECC /* AttendenceIOS */,
				286C77C427FDC862002DCECC /* AttendenceIOSTests */,
				286C77CE27FDC862002DCECC /* AttendenceIOSUITests */,
			);
		};
/* End PBXProject section */

/* Begin PBXResourcesBuildPhase section */
		286C77AD27FDC861002DCECC /* Resources */ = {
			isa = PBXResourcesBuildPhase;
			buildActionMask = 2147483647;
			files = (
				286C77BF27FDC861002DCECC /* LaunchScreen.storyboard in Resources */,
				286C77BC27FDC861002DCECC /* Assets.xcassets in Resources */,
				286C77BA27FDC861002DCECC /* Main.storyboard in Resources */,
			);
			runOnlyForDeploymentPostprocessing = 0;
		};
		286C77C327FDC862002DCECC /* Resources */ = {
			isa = PBXResourcesBuildPhase;
			buildActionMask = 2147483647;
			files = (
			);
			runOnlyForDeploymentPostprocessing = 0;
		};
		286C77CD27FDC862002DCECC /* Resources */ = {
			isa = PBXResourcesBuildPhase;
			buildActionMask = 2147483647;
			files = (
			);
			runOnlyForDeploymentPostprocessing = 0;
		};
/* End PBXResourcesBuildPhase section */

/* Begin PBXSourcesBuildPhase section */
		286C77AB27FDC861002DCECC /* Sources */ = {
			isa = PBXSourcesBuildPhase;
			buildActionMask = 2147483647;
			files = (
				286C77B727FDC861002DCECC /* ViewController.swift in Sources */,
				286C77B327FDC861002DCECC /* AppDelegate.swift in Sources */,
				286C77B527FDC861002DCECC /* SceneDelegate.swift in Sources */,
			);
			runOnlyForDeploymentPostprocessing = 0;
		};
		286C77C127FDC862002DCECC /* Sources */ = {
			isa = PBXSourcesBuildPhase;
			buildActionMask = 2147483647;
			files = (
				286C77CA27FDC862002DCECC /* AttendenceIOSTests.swift in Sources */,
			);
			runOnlyForDeploymentPostprocessing = 0;
		};
		286C77CB27FDC862002DCECC /* Sources */ = {
			isa = PBXSourcesBuildPhase;
			buildActionMask = 2147483647;
			files = (
				286C77D427FDC862002DCECC /* AttendenceIOSUITests.swift in Sources */,
				286C77D627FDC862002DCECC /* AttendenceIOSUITestsLaunchTests.swift in Sources */,
			);
			runOnlyForDeploymentPostprocessing = 0;
		};
/* End PBXSourcesBuildPhase section */

/* Begin PBXTargetDependency section */
		286C77C727FDC862002DCECC /* PBXTargetDependency */ = {
			isa = PBXTargetDependency;
			target = 286C77AE27FDC861002DCECC /* AttendenceIOS */;
			targetProxy = 286C77C627FDC862002DCECC /* PBXContainerItemProxy */;
		};
		286C77D127FDC862002DCECC /* PBXTargetDependency */ = {
			isa = PBXTargetDependency;
			target = 286C77AE27FDC861002DCECC /* AttendenceIOS */;
			targetProxy = 286C77D027FDC862002DCECC /* PBXContainerItemProxy */;
		};
/* End PBXTargetDependency section */

/* Begin PBXVariantGroup section */
		286C77B827FDC861002DCECC /* Main.storyboard */ = {
			isa = PBXVariantGroup;
			children = (
				286C77B927FDC861002DCECC /* Base */,
			);
			name = Main.storyboard;
			sourceTree = "<group>";
		};
		286C77BD27FDC861002DCECC /* LaunchScreen.storyboard */ = {
			isa = PBXVariantGroup;
			children = (
				286C77BE27FDC861002DCECC /* Base */,
			);
			name = LaunchScreen.storyboard;
			sourceTree = "<group>";
		};
/* End PBXVariantGroup section */

/* Begin XCBuildConfiguration section */
		286C77D727FDC862002DCECC /* Debug */ = {
			isa = XCBuildConfiguration;
			buildSettings = {
				ALWAYS_SEARCH_USER_PATHS = NO;
				CLANG_ANALYZER_NONNULL = YES;
				CLANG_ANALYZER_NUMBER_OBJECT_CONVERSION = YES_AGGRESSIVE;
				CLANG_CXX_LANGUAGE_STANDARD = "gnu++17";
				CLANG_ENABLE_MODULES = YES;
				CLANG_ENABLE_OBJC_ARC = YES;
				CLANG_ENABLE_OBJC_WEAK = YES;
				CLANG_WARN_BLOCK_CAPTURE_AUTORELEASING = YES;
				CLANG_WARN_BOOL_CONVERSION = YES;
				CLANG_WARN_COMMA = YES;
				CLANG_WARN_CONSTANT_CONVERSION = YES;
				CLANG_WARN_DEPRECATED_OBJC_IMPLEMENTATIONS = YES;
				CLANG_WARN_DIRECT_OBJC_ISA_USAGE = YES_ERROR;
				CLANG_WARN_DOCUMENTATION_COMMENTS = YES;
				CLANG_WARN_EMPTY_BODY = YES;
				CLANG_WARN_ENUM_CONVERSION = YES;
				CLANG_WARN_INFINITE_RECURSION = YES;
				CLANG_WARN_INT_CONVERSION = YES;
				CLANG_WARN_NON_LITERAL_NULL_CONVERSION = YES;
				CLANG_WARN_OBJC_IMPLICIT_RETAIN_SELF = YES;
				CLANG_WARN_OBJC_LITERAL_CONVERSION = YES;
				CLANG_WARN_OBJC_ROOT_CLASS = YES_ERROR;
				CLANG_WARN_QUOTED_INCLUDE_IN_FRAMEWORK_HEADER = YES;
				CLANG_WARN_RANGE_LOOP_ANALYSIS = YES;
				CLANG_WARN_STRICT_PROTOTYPES = YES;
				CLANG_WARN_SUSPICIOUS_MOVE = YES;
				CLANG_WARN_UNGUARDED_AVAILABILITY = YES_AGGRESSIVE;
				CLANG_WARN_UNREACHABLE_CODE = YES;
				CLANG_WARN__DUPLICATE_METHOD_MATCH = YES;
				COPY_PHASE_STRIP = NO;
				DEBUG_INFORMATION_FORMAT = dwarf;
				ENABLE_STRICT_OBJC_MSGSEND = YES;
				ENABLE_TESTABILITY = YES;
				GCC_C_LANGUAGE_STANDARD = gnu11;
				GCC_DYNAMIC_NO_PIC = NO;
				GCC_NO_COMMON_BLOCKS = YES;
				GCC_OPTIMIZATION_LEVEL = 0;
				GCC_PREPROCESSOR_DEFINITIONS = (
					"DEBUG=1",
					"$(inherited)",
				);
				GCC_WARN_64_TO_32_BIT_CONVERSION = YES;
				GCC_WARN_ABOUT_RETURN_TYPE = YES_ERROR;
				GCC_WARN_UNDECLARED_SELECTOR = YES;
				GCC_WARN_UNINITIALIZED_AUTOS = YES_AGGRESSIVE;
				GCC_WARN_UNUSED_FUNCTION = YES;
				GCC_WARN_UNUSED_VARIABLE = YES;
				IPHONEOS_DEPLOYMENT_TARGET = 15.4;
				MTL_ENABLE_DEBUG_INFO = INCLUDE_SOURCE;
				MTL_FAST_MATH = YES;
				ONLY_ACTIVE_ARCH = YES;
				SDKROOT = iphoneos;
				SWIFT_ACTIVE_COMPILATION_CONDITIONS = DEBUG;
				SWIFT_OPTIMIZATION_LEVEL = "-Onone";
			};
			name = Debug;
		};
		286C77D827FDC862002DCECC /* Release */ = {
			isa = XCBuildConfiguration;
			buildSettings = {
				ALWAYS_SEARCH_USER_PATHS = NO;
				CLANG_ANALYZER_NONNULL = YES;
				CLANG_ANALYZER_NUMBER_OBJECT_CONVERSION = YES_AGGRESSIVE;
				CLANG_CXX_LANGUAGE_STANDARD = "gnu++17";
				CLANG_ENABLE_MODULES = YES;
				CLANG_ENABLE_OBJC_ARC = YES;
				CLANG_ENABLE_OBJC_WEAK = YES;
				CLANG_WARN_BLOCK_CAPTURE_AUTORELEASING = YES;
				CLANG_WARN_BOOL_CONVERSION = YES;
				CLANG_WARN_COMMA = YES;
				CLANG_WARN_CONSTANT_CONVERSION = YES;
				CLANG_WARN_DEPRECATED_OBJC_IMPLEMENTATIONS = YES;
				CLANG_WARN_DIRECT_OBJC_ISA_USAGE = YES_ERROR;
				CLANG_WARN_DOCUMENTATION_COMMENTS = YES;
				CLANG_WARN_EMPTY_BODY = YES;
				CLANG_WARN_ENUM_CONVERSION = YES;
				CLANG_WARN_INFINITE_RECURSION = YES;
				CLANG_WARN_INT_CONVERSION = YES;
				CLANG_WARN_NON_LITERAL_NULL_CONVERSION = YES;
				CLANG_WARN_OBJC_IMPLICIT_RETAIN_SELF = YES;
				CLANG_WARN_OBJC_LITERAL_CONVERSION = YES;
				CLANG_WARN_OBJC_ROOT_CLASS = YES_ERROR;
				CLANG_WARN_QUOTED_INCLUDE_IN_FRAMEWORK_HEADER = YES;
				CLANG_WARN_RANGE_LOOP_ANALYSIS = YES;
				CLANG_WARN_STRICT_PROTOTYPES = YES;
				CLANG_WARN_SUSPICIOUS_MOVE = YES;
				CLANG_WARN_UNGUARDED_AVAILABILITY = YES_AGGRESSIVE;
				CLANG_WARN_UNREACHABLE_CODE = YES;
				CLANG_WARN__DUPLICATE_METHOD_MATCH = YES;
				COPY_PHASE_STRIP = NO;
				DEBUG_INFORMATION_FORMAT = "dwarf-with-dsym";
				ENABLE_NS_ASSERTIONS = NO;
				ENABLE_STRICT_OBJC_MSGSEND = YES;
				GCC_C_LANGUAGE_STANDARD = gnu11;
				GCC_NO_COMMON_BLOCKS = YES;
				GCC_WARN_64_TO_32_BIT_CONVERSION = YES;
				GCC_WARN_ABOUT_RETURN_TYPE = YES_ERROR;
				GCC_WARN_UNDECLARED_SELECTOR = YES;
				GCC_WARN_UNINITIALIZED_AUTOS = YES_AGGRESSIVE;
				GCC_WARN_UNUSED_FUNCTION = YES;
				GCC_WARN_UNUSED_VARIABLE = YES;
				IPHONEOS_DEPLOYMENT_TARGET = 15.4;
				MTL_ENABLE_DEBUG_INFO = NO;
				MTL_FAST_MATH = YES;
				SDKROOT = iphoneos;
				SWIFT_COMPILATION_MODE = wholemodule;
				SWIFT_OPTIMIZATION_LEVEL = "-O";
				VALIDATE_PRODUCT = YES;
			};
			name = Release;
		};
		286C77DA27FDC862002DCECC /* Debug */ = {
			isa = XCBuildConfiguration;
			buildSettings = {
				ASSETCATALOG_COMPILER_APPICON_NAME = AppIcon;
				ASSETCATALOG_COMPILER_GLOBAL_ACCENT_COLOR_NAME = AccentColor;
				ASSETCATALOG_COMPILER_INCLUDE_ALL_APPICON_ASSETS = NO;
				CODE_SIGN_STYLE = Automatic;
				CURRENT_PROJECT_VERSION = 1;
				DEVELOPMENT_TEAM = 2F3GHTJ3AB;
				GENERATE_INFOPLIST_FILE = YES;
				INFOPLIST_FILE = AttendenceIOS/Info.plist;
				INFOPLIST_KEY_CFBundleDisplayName = "위크체크";
				INFOPLIST_KEY_UIApplicationSupportsIndirectInputEvents = YES;
				INFOPLIST_KEY_UILaunchStoryboardName = LaunchScreen;
				INFOPLIST_KEY_UIMainStoryboardFile = Main;
				INFOPLIST_KEY_UISupportedInterfaceOrientations_iPad = "UIInterfaceOrientationPortrait UIInterfaceOrientationPortraitUpsideDown UIInterfaceOrientationLandscapeLeft UIInterfaceOrientationLandscapeRight";
				INFOPLIST_KEY_UISupportedInterfaceOrientations_iPhone = "UIInterfaceOrientationPortrait UIInterfaceOrientationLandscapeLeft UIInterfaceOrientationLandscapeRight";
				LD_RUNPATH_SEARCH_PATHS = (
					"$(inherited)",
					"@executable_path/Frameworks",
				);
				MARKETING_VERSION = 1.0;
				PRODUCT_BUNDLE_IDENTIFIER = com.ukha.AttendenceIOS;
				PRODUCT_NAME = "$(TARGET_NAME)";
				SWIFT_EMIT_LOC_STRINGS = YES;
				SWIFT_VERSION = 5.0;
				TARGETED_DEVICE_FAMILY = "1,2";
			};
			name = Debug;
		};
		286C77DB27FDC862002DCECC /* Release */ = {
			isa = XCBuildConfiguration;
			buildSettings = {
				ASSETCATALOG_COMPILER_APPICON_NAME = AppIcon;
				ASSETCATALOG_COMPILER_GLOBAL_ACCENT_COLOR_NAME = AccentColor;
				ASSETCATALOG_COMPILER_INCLUDE_ALL_APPICON_ASSETS = NO;
				CODE_SIGN_STYLE = Automatic;
				CURRENT_PROJECT_VERSION = 1;
				DEVELOPMENT_TEAM = 2F3GHTJ3AB;
				GENERATE_INFOPLIST_FILE = YES;
				INFOPLIST_FILE = AttendenceIOS/Info.plist;
				INFOPLIST_KEY_CFBundleDisplayName = "위크체크";
				INFOPLIST_KEY_UIApplicationSupportsIndirectInputEvents = YES;
				INFOPLIST_KEY_UILaunchStoryboardName = LaunchScreen;
				INFOPLIST_KEY_UIMainStoryboardFile = Main;
				INFOPLIST_KEY_UISupportedInterfaceOrientations_iPad = "UIInterfaceOrientationPortrait UIInterfaceOrientationPortraitUpsideDown UIInterfaceOrientationLandscapeLeft UIInterfaceOrientationLandscapeRight";
				INFOPLIST_KEY_UISupportedInterfaceOrientations_iPhone = "UIInterfaceOrientationPortrait UIInterfaceOrientationLandscapeLeft UIInterfaceOrientationLandscapeRight";
				LD_RUNPATH_SEARCH_PATHS = (
					"$(inherited)",
					"@executable_path/Frameworks",
				);
				MARKETING_VERSION = 1.0;
				PRODUCT_BUNDLE_IDENTIFIER = com.ukha.AttendenceIOS;
				PRODUCT_NAME = "$(TARGET_NAME)";
				SWIFT_EMIT_LOC_STRINGS = YES;
				SWIFT_VERSION = 5.0;
				TARGETED_DEVICE_FAMILY = "1,2";
			};
			name = Release;
		};
		286C77DD27FDC862002DCECC /* Debug */ = {
			isa = XCBuildConfiguration;
			buildSettings = {
				ALWAYS_EMBED_SWIFT_STANDARD_LIBRARIES = YES;
				BUNDLE_LOADER = "$(TEST_HOST)";
				CODE_SIGN_STYLE = Automatic;
				CURRENT_PROJECT_VERSION = 1;
				DEVELOPMENT_TEAM = 2F3GHTJ3AB;
				GENERATE_INFOPLIST_FILE = YES;
				IPHONEOS_DEPLOYMENT_TARGET = 15.4;
				MARKETING_VERSION = 1.0;
				PRODUCT_BUNDLE_IDENTIFIER = com.ukha.AttendenceIOSTests;
				PRODUCT_NAME = "$(TARGET_NAME)";
				SWIFT_EMIT_LOC_STRINGS = NO;
				SWIFT_VERSION = 5.0;
				TARGETED_DEVICE_FAMILY = "1,2";
				TEST_HOST = "$(BUILT_PRODUCTS_DIR)/AttendenceIOS.app/AttendenceIOS";
			};
			name = Debug;
		};
		286C77DE27FDC862002DCECC /* Release */ = {
			isa = XCBuildConfiguration;
			buildSettings = {
				ALWAYS_EMBED_SWIFT_STANDARD_LIBRARIES = YES;
				BUNDLE_LOADER = "$(TEST_HOST)";
				CODE_SIGN_STYLE = Automatic;
				CURRENT_PROJECT_VERSION = 1;
				DEVELOPMENT_TEAM = 2F3GHTJ3AB;
				GENERATE_INFOPLIST_FILE = YES;
				IPHONEOS_DEPLOYMENT_TARGET = 15.4;
				MARKETING_VERSION = 1.0;
				PRODUCT_BUNDLE_IDENTIFIER = com.ukha.AttendenceIOSTests;
				PRODUCT_NAME = "$(TARGET_NAME)";
				SWIFT_EMIT_LOC_STRINGS = NO;
				SWIFT_VERSION = 5.0;
				TARGETED_DEVICE_FAMILY = "1,2";
				TEST_HOST = "$(BUILT_PRODUCTS_DIR)/AttendenceIOS.app/AttendenceIOS";
			};
			name = Release;
		};
		286C77E027FDC862002DCECC /* Debug */ = {
			isa = XCBuildConfiguration;
			buildSettings = {
				ALWAYS_EMBED_SWIFT_STANDARD_LIBRARIES = YES;
				CODE_SIGN_STYLE = Automatic;
				CURRENT_PROJECT_VERSION = 1;
				GENERATE_INFOPLIST_FILE = YES;
				MARKETING_VERSION = 1.0;
				PRODUCT_BUNDLE_IDENTIFIER = com.ukha.AttendenceIOSUITests;
				PRODUCT_NAME = "$(TARGET_NAME)";
				SWIFT_EMIT_LOC_STRINGS = NO;
				SWIFT_VERSION = 5.0;
				TARGETED_DEVICE_FAMILY = "1,2";
				TEST_TARGET_NAME = AttendenceIOS;
			};
			name = Debug;
		};
		286C77E127FDC862002DCECC /* Release */ = {
			isa = XCBuildConfiguration;
			buildSettings = {
				ALWAYS_EMBED_SWIFT_STANDARD_LIBRARIES = YES;
				CODE_SIGN_STYLE = Automatic;
				CURRENT_PROJECT_VERSION = 1;
				GENERATE_INFOPLIST_FILE = YES;
				MARKETING_VERSION = 1.0;
				PRODUCT_BUNDLE_IDENTIFIER = com.ukha.AttendenceIOSUITests;
				PRODUCT_NAME = "$(TARGET_NAME)";
				SWIFT_EMIT_LOC_STRINGS = NO;
				SWIFT_VERSION = 5.0;
				TARGETED_DEVICE_FAMILY = "1,2";
				TEST_TARGET_NAME = AttendenceIOS;
			};
			name = Release;
		};
/* End XCBuildConfiguration section */

/* Begin XCConfigurationList section */
		286C77AA27FDC861002DCECC /* Build configuration list for PBXProject "AttendenceIOS" */ = {
			isa = XCConfigurationList;
			buildConfigurations = (
				286C77D727FDC862002DCECC /* Debug */,
				286C77D827FDC862002DCECC /* Release */,
			);
			defaultConfigurationIsVisible = 0;
			defaultConfigurationName = Release;
		};
		286C77D927FDC862002DCECC /* Build configuration list for PBXNativeTarget "AttendenceIOS" */ = {
			isa = XCConfigurationList;
			buildConfigurations = (
				286C77DA27FDC862002DCECC /* Debug */,
				286C77DB27FDC862002DCECC /* Release */,
			);
			defaultConfigurationIsVisible = 0;
			defaultConfigurationName = Release;
		};
		286C77DC27FDC862002DCECC /* Build configuration list for PBXNativeTarget "AttendenceIOSTests" */ = {
			isa = XCConfigurationList;
			buildConfigurations = (
				286C77DD27FDC862002DCECC /* Debug */,
				286C77DE27FDC862002DCECC /* Release */,
			);
			defaultConfigurationIsVisible = 0;
			defaultConfigurationName = Release;
		};
		286C77DF27FDC862002DCECC /* Build configuration list for PBXNativeTarget "AttendenceIOSUITests" */ = {
			isa = XCConfigurationList;
			buildConfigurations = (
				286C77E027FDC862002DCECC /* Debug */,
				286C77E127FDC862002DCECC /* Release */,
			);
			defaultConfigurationIsVisible = 0;
			defaultConfigurationName = Release;
		};
/* End XCConfigurationList section */

/* Begin XCRemoteSwiftPackageReference section */
		28F207D12949B275000DB72D /* XCRemoteSwiftPackageReference "firebase-ios-sdk" */ = {
			isa = XCRemoteSwiftPackageReference;
			repositoryURL = "https://github.com/firebase/firebase-ios-sdk";
			requirement = {
				branch = master;
				kind = branch;
			};
		};
/* End XCRemoteSwiftPackageReference section */

/* Begin XCSwiftPackageProductDependency section */
		28F207D22949B275000DB72D /* FirebaseAnalyticsWithoutAdIdSupport */ = {
			isa = XCSwiftPackageProductDependency;
			package = 28F207D12949B275000DB72D /* XCRemoteSwiftPackageReference "firebase-ios-sdk" */;
			productName = FirebaseAnalyticsWithoutAdIdSupport;
		};
		28F207D42949B275000DB72D /* FirebaseMessaging */ = {
			isa = XCSwiftPackageProductDependency;
			package = 28F207D12949B275000DB72D /* XCRemoteSwiftPackageReference "firebase-ios-sdk" */;
			productName = FirebaseMessaging;
		};
/* End XCSwiftPackageProductDependency section */
	};
	rootObject = 286C77A727FDC861002DCECC /* Project object */;
}
